
Microsoft Visual Studio Solution File, Format Version 12.00
# Visual Studio Version 17
VisualStudioVersion = 17.0.31903.59
MinimumVisualStudioVersion = 10.0.40219.1
Project("{2150E333-8FDC-42A3-9474-1A3956D46DE8}") = "src", "src", "{45314E89-60B7-41DA-9FBA-8490731ED1D9}"
EndProject
Project("{2150E333-8FDC-42A3-9474-1A3956D46DE8}") = "Blocks", "Blocks", "{8750F5BF-5F15-4E63-AD89-B30C17A5FCD5}"
EndProject
Project("{2150E333-8FDC-42A3-9474-1A3956D46DE8}") = "Core", "Core", "{EFA2066F-E7D2-48AF-9860-1A8F140920AD}"
EndProject
Project("{FAE04EC0-301F-11D3-BF4B-00C04F79EFBC}") = "Block.Abstractions", "src\Blocks\Core\Block.Abstractions\Block.Abstractions.csproj", "{6BD4674C-5E36-48B9-A310-F03EE72B40B0}"
EndProject
Project("{FAE04EC0-301F-11D3-BF4B-00C04F79EFBC}") = "Blocks.Domain", "src\Blocks\Core\Blocks.Domain\Blocks.Domain.csproj", "{FDA9391B-D78B-4881-9F94-33DD11F41FBF}"
EndProject
Project("{2150E333-8FDC-42A3-9474-1A3956D46DE8}") = "Shared", "Shared", "{04D1152B-308D-41AC-B819-ED8756BF8423}"
EndProject
Project("{FAE04EC0-301F-11D3-BF4B-00C04F79EFBC}") = "Blocks.Security", "src\Blocks\Shared\Blocks.Security\Blocks.Security.csproj", "{9A55592E-A635-4941-8B5A-6F9CB8B8F733}"
EndProject
Project("{FAE04EC0-301F-11D3-BF4B-00C04F79EFBC}") = "Blocks.Swagger", "src\Blocks\Shared\Blocks.Swagger\Blocks.Swagger.csproj", "{C5A6198E-8948-4EC6-9740-DE565E6DB562}"
EndProject
Project("{2150E333-8FDC-42A3-9474-1A3956D46DE8}") = "ApiGateway", "ApiGateway", "{ACA46383-3FCB-4933-9805-8AFF9D57B435}"
EndProject
Project("{FAE04EC0-301F-11D3-BF4B-00C04F79EFBC}") = "Hirai-System.ApiGateway", "src\ApiGateway\Hirai-System.ApiGateway\Hirai-System.ApiGateway.csproj", "{46C42402-5263-49D6-B97E-922CB334A976}"
EndProject
Project("{FAE04EC0-301F-11D3-BF4B-00C04F79EFBC}") = "Blocks.Caching.InMemory", "src\Blocks\Shared\Blocks.Caching.InMemory\Blocks.Caching.InMemory.csproj", "{B87B9015-3B4F-49A6-B1B1-F6B831686EFB}"
EndProject
Project("{FAE04EC0-301F-11D3-BF4B-00C04F79EFBC}") = "Blocks.Integration.MassTransit", "src\Blocks\Shared\Blocks.Integration.MassTransit\Blocks.Integration.MassTransit.csproj", "{4BD46128-666F-447D-AE0C-8E84439F6D25}"
EndProject
Project("{FAE04EC0-301F-11D3-BF4B-00C04F79EFBC}") = "Blocks.Logging", "src\Blocks\Shared\Blocks.Logging\Blocks.Logging.csproj", "{39EFCF09-65F0-4F26-A441-FE3CC31C11BB}"
EndProject
Project("{FAE04EC0-301F-11D3-BF4B-00C04F79EFBC}") = "Blocks.Monitoring", "src\Blocks\Shared\Blocks.Monitoring\Blocks.Monitoring.csproj", "{6E37E4F0-290C-48EB-A193-75A83A1899DF}"
EndProject
Project("{FAE04EC0-301F-11D3-BF4B-00C04F79EFBC}") = "Blocks.Resiliency", "src\Blocks\Shared\Blocks.Resiliency\Blocks.Resiliency.csproj", "{52610F19-43BA-41DA-AEDB-8F50DCBB67CF}"
EndProject
Project("{FAE04EC0-301F-11D3-BF4B-00C04F79EFBC}") = "Blocks.Validation", "src\Blocks\Shared\Blocks.Validation\Blocks.Validation.csproj", "{15CED28D-3702-4176-BDA0-484A22CB2F69}"
EndProject
Project("{FAE04EC0-301F-11D3-BF4B-00C04F79EFBC}") = "Blocks.Web", "src\Blocks\Shared\Blocks.Web\Blocks.Web.csproj", "{8F4CB65A-1278-4D21-AD5E-DE6C478ED907}"
EndProject
Project("{2150E333-8FDC-42A3-9474-1A3956D46DE8}") = "Persistence", "Persistence", "{AB99BD3C-C1E5-42F5-BFF5-48AD71C46BAC}"
EndProject
Project("{FAE04EC0-301F-11D3-BF4B-00C04F79EFBC}") = "Blocks.Persistence.EfCore.Postgres", "src\Blocks\Persistence\Blocks.Persistence.EfCore.Postgres\Blocks.Persistence.EfCore.Postgres.csproj", "{FF0A0BFF-8171-4E62-9F3D-2CCFB57C2C01}"
EndProject
Project("{FAE04EC0-301F-11D3-BF4B-00C04F79EFBC}") = "Blocks.Persistence.Postgres", "src\Blocks\Persistence\Blocks.Persistence.Postgres\Blocks.Persistence.Postgres.csproj", "{8D70B004-9245-47D2-A7D2-FF77C19E05DB}"
EndProject
Project("{FAE04EC0-301F-11D3-BF4B-00C04F79EFBC}") = "Blocks.Persistence.Mongo", "src\Blocks\Persistence\Blocks.Persistence.Mongo\Blocks.Persistence.Mongo.csproj", "{9D89B9B2-935E-45F7-A52A-A4D7F9D233F8}"
EndProject
Project("{2150E333-8FDC-42A3-9474-1A3956D46DE8}") = "Infrastructure", "Infrastructure", "{66C38285-A60B-4534-9C23-453AA7E2FC1D}"
EndProject
Project("{FAE04EC0-301F-11D3-BF4B-00C04F79EFBC}") = "Blocks.Infrastructure.Fax", "src\Blocks\Infrastructure\Blocks.Infrastructure.Fax\Blocks.Infrastructure.Fax.csproj", "{EC52CCE2-3E12-4708-A1D4-CAC91C3CCE89}"
EndProject
Project("{FAE04EC0-301F-11D3-BF4B-00C04F79EFBC}") = "Blocks.Infrastructure.Identity", "src\Blocks\Infrastructure\Blocks.Infrastructure.Identity\Blocks.Infrastructure.Identity.csproj", "{ED51E880-5A75-4F08-B19F-1E6DF37F1A64}"
EndProject
Project("{FAE04EC0-301F-11D3-BF4B-00C04F79EFBC}") = "Blocks.Infrastructure.Pbx", "src\Blocks\Infrastructure\Blocks.Infrastructure.Pbx\Blocks.Infrastructure.Pbx.csproj", "{7BD4EDA8-587C-415E-A472-8A95EE7FB4C9}"
EndProject
Project("{FAE04EC0-301F-11D3-BF4B-00C04F79EFBC}") = "Blocks.Infrastructure.Recording", "src\Blocks\Infrastructure\Blocks.Infrastructure.Recording\Blocks.Infrastructure.Recording.csproj", "{B3F74AA2-B752-49B4-99C2-64A149354D22}"
EndProject
Project("{FAE04EC0-301F-11D3-BF4B-00C04F79EFBC}") = "Blocks.Infrastructure.Schedule", "src\Blocks\Infrastructure\Blocks.Infrastructure.Schedule\Blocks.Infrastructure.Schedule.csproj", "{87E2FC33-E600-4C23-A565-C62F6E7EDB76}"
EndProject
Project("{FAE04EC0-301F-11D3-BF4B-00C04F79EFBC}") = "Blocks.Infrastructure.Sms", "src\Blocks\Infrastructure\Blocks.Infrastructure.Sms\Blocks.Infrastructure.Sms.csproj", "{422CE611-A49E-436E-B7D8-BA5614C0B5F7}"
EndProject
Project("{FAE04EC0-301F-11D3-BF4B-00C04F79EFBC}") = "Blocks.Infrastructure.Voice", "src\Blocks\Infrastructure\Blocks.Infrastructure.Voice\Blocks.Infrastructure.Voice.csproj", "{0B08FCC3-0801-4451-BFBA-70A01A15990E}"
EndProject
Project("{2150E333-8FDC-42A3-9474-1A3956D46DE8}") = "Services", "Services", "{D74947C2-306C-490C-8DC7-F76EC21E44E0}"
EndProject
Project("{2150E333-8FDC-42A3-9474-1A3956D46DE8}") = "Recording", "Recording", "{BBBA7B59-2641-4020-93CB-825BA6A22A71}"
EndProject
Project("{FAE04EC0-301F-11D3-BF4B-00C04F79EFBC}") = "Blocks.Integration.Freeswitch", "src\Blocks\Shared\Blocks.Integration.Freeswitch\Blocks.Integration.Freeswitch.csproj", "{A36B8FD1-394C-43E5-A15E-EB63BD45FD15}"
EndProject
Project("{FAE04EC0-301F-11D3-BF4B-00C04F79EFBC}") = "Blocks.Integration.Asterisk", "src\Blocks\Shared\Blocks.Integration.Asterisk\Blocks.Integration.Asterisk.csproj", "{157B08CC-FC21-40B1-AFBE-478210B226A0}"
EndProject
Project("{2150E333-8FDC-42A3-9474-1A3956D46DE8}") = "test", "test", "{C8715E29-D8F1-4E6A-9944-F7FF3C5E6953}"
EndProject
Project("{2150E333-8FDC-42A3-9474-1A3956D46DE8}") = "blocks", "blocks", "{9590F2DE-D9BA-4296-BEC8-0FF32625BD44}"
EndProject
Project("{2150E333-8FDC-42A3-9474-1A3956D46DE8}") = "MassTransit", "MassTransit", "{8BE14B3A-6FEF-43C4-9A08-66CB942BB327}"
EndProject
Project("{FAE04EC0-301F-11D3-BF4B-00C04F79EFBC}") = "Blocks.Integration.MassTransit.IntegrationTest", "test\blocks\MassTransit\Blocks.Integration.MassTransit.IntegrationTest\Blocks.Integration.MassTransit.IntegrationTest.csproj", "{CA7E6957-2479-440C-BCAB-0DF924976F37}"
EndProject
Project("{2150E333-8FDC-42A3-9474-1A3956D46DE8}") = "services", "services", "{42C565FC-A99A-4CA3-8AA3-E26DC6CD6229}"
EndProject
Project("{2150E333-8FDC-42A3-9474-1A3956D46DE8}") = "Fax", "Fax", "{D6B6943C-3662-437E-A4FD-86C255295374}"
EndProject
Project("{FAE04EC0-301F-11D3-BF4B-00C04F79EFBC}") = "Hirai-System.Service.Fax.UnitTests", "test\services\Fax\Hirai-System.Service.Fax.UnitTests\Hirai-System.Service.Fax.UnitTests.csproj", "{F3F6FADF-2FF8-4223-8A57-0889E19F5A9A}"
EndProject
Project("{2150E333-8FDC-42A3-9474-1A3956D46DE8}") = "Identity", "Identity", "{009200DF-3F74-499B-B3ED-2DD2FD1BCE47}"
EndProject
Project("{FAE04EC0-301F-11D3-BF4B-00C04F79EFBC}") = "Hirai-System.Service.Identity.UnitTests", "test\services\Identity\Hirai-System.Service.Identity.UnitTests\Hirai-System.Service.Identity.UnitTests.csproj", "{DBF6A634-4219-44AF-AD1A-C108629576ED}"
EndProject
Project("{2150E333-8FDC-42A3-9474-1A3956D46DE8}") = "Pbx", "Pbx", "{2A654AD1-9D55-465C-9A70-B22E4818A363}"
EndProject
Project("{2150E333-8FDC-42A3-9474-1A3956D46DE8}") = "Recording", "Recording", "{E432C6F0-BBB2-4A6D-AE78-7645D6EFE368}"
EndProject
Project("{FAE04EC0-301F-11D3-BF4B-00C04F79EFBC}") = "Hirai-System.Service.Recording.UnitTests", "test\services\Recording\Hirai-System.Service.Recording.UnitTests\Hirai-System.Service.Recording.UnitTests.csproj", "{9A00647C-E082-48BF-AB56-3CE780C6615A}"
EndProject
Project("{2150E333-8FDC-42A3-9474-1A3956D46DE8}") = "Schedule", "Schedule", "{4F19AF2F-857D-440E-8E9D-D05C4DCC2938}"
EndProject
Project("{FAE04EC0-301F-11D3-BF4B-00C04F79EFBC}") = "Hirai-System.Service.Schedule.UnitTests", "test\services\Schedule\Hirai-System.Service.Schedule.UnitTests\Hirai-System.Service.Schedule.UnitTests.csproj", "{73490909-1B58-439D-AFBC-3A4A18C26127}"
EndProject
Project("{2150E333-8FDC-42A3-9474-1A3956D46DE8}") = "Sms", "Sms", "{6FE3CD74-C8AA-4CAE-B607-23A0BF771AF1}"
EndProject
Project("{FAE04EC0-301F-11D3-BF4B-00C04F79EFBC}") = "Hirai-System.Service.Sms.UnitTests", "test\services\Sms\Hirai-System.Service.Sms.UnitTests\Hirai-System.Service.Sms.UnitTests.csproj", "{6D08EEA9-DD4C-409D-8C37-089AC4DBBF82}"
EndProject
Project("{2150E333-8FDC-42A3-9474-1A3956D46DE8}") = "Voice", "Voice", "{478A42BB-CC82-40E2-AF41-2496F3997161}"
EndProject
Project("{FAE04EC0-301F-11D3-BF4B-00C04F79EFBC}") = "Hirai-System.Service.Voice.UnitTests", "test\services\Voice\Hirai-System.Service.Voice.UnitTests\Hirai-System.Service.Voice.UnitTests.csproj", "{19F01EE4-9F0F-42A5-838B-9F59D7029A80}"
EndProject
Project("{2150E333-8FDC-42A3-9474-1A3956D46DE8}") = "shared", "shared", "{4C0A7257-7BE6-4434-B132-13CD5F469F2C}"
EndProject
Project("{FAE04EC0-301F-11D3-BF4B-00C04F79EFBC}") = "Test.Shared", "test\shared\Test.Shared\Test.Shared.csproj", "{4112A6FC-B847-408A-8685-FFFEDE17EE5F}"
EndProject
Project("{FAE04EC0-301F-11D3-BF4B-00C04F79EFBC}") = "Blocks.Messaging.Persistence.Postgres", "src\Blocks\Persistence\Blocks.Messaging.Persistence.Postgres\Blocks.Messaging.Persistence.Postgres.csproj", "{2D8785A5-BFA6-4AA5-AA9D-92E579D161E4}"
EndProject
Project("{2150E333-8FDC-42A3-9474-1A3956D46DE8}") = "Fax", "Fax", "{D43DAF09-800D-410B-AEB6-7F312EE496E9}"
EndProject
Project("{FAE04EC0-301F-11D3-BF4B-00C04F79EFBC}") = "Hirai-System.Service.Fax.Api", "src\Services\Fax\Hirai-System.Service.Fax.Api\Hirai-System.Service.Fax.Api.csproj", "{55E20225-1E9F-4621-8F13-FCF3A4E53E80}"
EndProject
Project("{2150E333-8FDC-42A3-9474-1A3956D46DE8}") = "Identity", "Identity", "{03858ECE-0D9C-4191-BD8C-155510DF376E}"
EndProject
Project("{FAE04EC0-301F-11D3-BF4B-00C04F79EFBC}") = "Hirai-System.Service.Identity.Api", "src\Services\Identity\Hirai-System.Service.Identity.Api\Hirai-System.Service.Identity.Api.csproj", "{AEFC3A5E-7B4F-42BA-AF41-EB9D3FB1E80E}"
EndProject
Project("{2150E333-8FDC-42A3-9474-1A3956D46DE8}") = "Pbx", "Pbx", "{64696223-01C8-4465-ACA8-3172E8BBA1AA}"
EndProject
Project("{FAE04EC0-301F-11D3-BF4B-00C04F79EFBC}") = "Hirai-System.Service.Pbx.Api", "src\Services\Pbx\Hirai-System.Service.Pbx.Api\Hirai-System.Service.Pbx.Api.csproj", "{0047183D-3996-4C99-81E1-63DADF745446}"
EndProject
Project("{FAE04EC0-301F-11D3-BF4B-00C04F79EFBC}") = "Hirai-System.Service.Recording.Api", "src\Services\Recording\Hirai-System.Service.Recording.Api\Hirai-System.Service.Recording.Api.csproj", "{45461DC3-093B-47B8-A162-D1532D345E19}"
EndProject
Project("{2150E333-8FDC-42A3-9474-1A3956D46DE8}") = "Schedule", "Schedule", "{7738945C-2D22-4B66-926C-D146CF75B3DC}"
EndProject
Project("{FAE04EC0-301F-11D3-BF4B-00C04F79EFBC}") = "Hirai-System.Service.Schedule.Api", "src\Services\Schedule\Hirai-System.Service.Schedule.Api\Hirai-System.Service.Schedule.Api.csproj", "{DEE14E2D-9FB6-4E26-BA1C-058A77C837F9}"
EndProject
Project("{2150E333-8FDC-42A3-9474-1A3956D46DE8}") = "Shared", "Shared", "{EA089BAE-3844-4EC6-ADA8-BB0C07B12097}"
EndProject
Project("{FAE04EC0-301F-11D3-BF4B-00C04F79EFBC}") = "Hirai-System.Service.Shared", "src\Services\Shared\Hirai-System.Service.Shared\Hirai-System.Service.Shared.csproj", "{26EFDA7A-4047-41FD-BC04-44B27EECD169}"
EndProject
Project("{2150E333-8FDC-42A3-9474-1A3956D46DE8}") = "Sms", "Sms", "{C0C6DAA8-9A84-4BD6-8D15-E457FB7ACE84}"
EndProject
Project("{FAE04EC0-301F-11D3-BF4B-00C04F79EFBC}") = "Hirai-System.Service.Sms.Api", "src\Services\Sms\Hirai-System.Service.Sms.Api\Hirai-System.Service.Sms.Api.csproj", "{5C9218CE-6082-4DA5-9FD7-79698A56620F}"
EndProject
Project("{2150E333-8FDC-42A3-9474-1A3956D46DE8}") = "Voice", "Voice", "{ADC29FBB-412D-44ED-9D5A-EEBADBC2E566}"
EndProject
Project("{FAE04EC0-301F-11D3-BF4B-00C04F79EFBC}") = "Hirai-System.Service.Voice.Api", "src\Services\Voice\Hirai-System.Service.Voice.Api\Hirai-System.Service.Voice.Api.csproj", "{63DBA44B-95E3-4343-8328-5C8A5AD9D8F5}"
EndProject
Project("{FAE04EC0-301F-11D3-BF4B-00C04F79EFBC}") = "Hirai-System.Service.Pbx.UnitTests", "test\services\Pbx\Hirai-System.Service.Pbx.UnitTests\Hirai-System.Service.Pbx.UnitTests.csproj", "{8824CBF2-C6A3-412E-8325-EAB9A7DB5F6B}"
EndProject
Global
	GlobalSection(SolutionConfigurationPlatforms) = preSolution
		Debug|Any CPU = Debug|Any CPU
		Release|Any CPU = Release|Any CPU
	EndGlobalSection
	GlobalSection(SolutionProperties) = preSolution
		HideSolutionNode = FALSE
	EndGlobalSection
	GlobalSection(ProjectConfigurationPlatforms) = postSolution
		{6BD4674C-5E36-48B9-A310-F03EE72B40B0}.Debug|Any CPU.ActiveCfg = Debug|Any CPU
		{6BD4674C-5E36-48B9-A310-F03EE72B40B0}.Debug|Any CPU.Build.0 = Debug|Any CPU
		{6BD4674C-5E36-48B9-A310-F03EE72B40B0}.Release|Any CPU.ActiveCfg = Release|Any CPU
		{6BD4674C-5E36-48B9-A310-F03EE72B40B0}.Release|Any CPU.Build.0 = Release|Any CPU
		{FDA9391B-D78B-4881-9F94-33DD11F41FBF}.Debug|Any CPU.ActiveCfg = Debug|Any CPU
		{FDA9391B-D78B-4881-9F94-33DD11F41FBF}.Debug|Any CPU.Build.0 = Debug|Any CPU
		{FDA9391B-D78B-4881-9F94-33DD11F41FBF}.Release|Any CPU.ActiveCfg = Release|Any CPU
		{FDA9391B-D78B-4881-9F94-33DD11F41FBF}.Release|Any CPU.Build.0 = Release|Any CPU
		{9A55592E-A635-4941-8B5A-6F9CB8B8F733}.Debug|Any CPU.ActiveCfg = Debug|Any CPU
		{9A55592E-A635-4941-8B5A-6F9CB8B8F733}.Debug|Any CPU.Build.0 = Debug|Any CPU
		{9A55592E-A635-4941-8B5A-6F9CB8B8F733}.Release|Any CPU.ActiveCfg = Release|Any CPU
		{9A55592E-A635-4941-8B5A-6F9CB8B8F733}.Release|Any CPU.Build.0 = Release|Any CPU
		{C5A6198E-8948-4EC6-9740-DE565E6DB562}.Debug|Any CPU.ActiveCfg = Debug|Any CPU
		{C5A6198E-8948-4EC6-9740-DE565E6DB562}.Debug|Any CPU.Build.0 = Debug|Any CPU
		{C5A6198E-8948-4EC6-9740-DE565E6DB562}.Release|Any CPU.ActiveCfg = Release|Any CPU
		{C5A6198E-8948-4EC6-9740-DE565E6DB562}.Release|Any CPU.Build.0 = Release|Any CPU
		{46C42402-5263-49D6-B97E-922CB334A976}.Debug|Any CPU.ActiveCfg = Debug|Any CPU
		{46C42402-5263-49D6-B97E-922CB334A976}.Debug|Any CPU.Build.0 = Debug|Any CPU
		{46C42402-5263-49D6-B97E-922CB334A976}.Release|Any CPU.ActiveCfg = Release|Any CPU
		{46C42402-5263-49D6-B97E-922CB334A976}.Release|Any CPU.Build.0 = Release|Any CPU
		{B87B9015-3B4F-49A6-B1B1-F6B831686EFB}.Debug|Any CPU.ActiveCfg = Debug|Any CPU
		{B87B9015-3B4F-49A6-B1B1-F6B831686EFB}.Debug|Any CPU.Build.0 = Debug|Any CPU
		{B87B9015-3B4F-49A6-B1B1-F6B831686EFB}.Release|Any CPU.ActiveCfg = Release|Any CPU
		{B87B9015-3B4F-49A6-B1B1-F6B831686EFB}.Release|Any CPU.Build.0 = Release|Any CPU
		{4BD46128-666F-447D-AE0C-8E84439F6D25}.Debug|Any CPU.ActiveCfg = Debug|Any CPU
		{4BD46128-666F-447D-AE0C-8E84439F6D25}.Debug|Any CPU.Build.0 = Debug|Any CPU
		{4BD46128-666F-447D-AE0C-8E84439F6D25}.Release|Any CPU.ActiveCfg = Release|Any CPU
		{4BD46128-666F-447D-AE0C-8E84439F6D25}.Release|Any CPU.Build.0 = Release|Any CPU
		{39EFCF09-65F0-4F26-A441-FE3CC31C11BB}.Debug|Any CPU.ActiveCfg = Debug|Any CPU
		{39EFCF09-65F0-4F26-A441-FE3CC31C11BB}.Debug|Any CPU.Build.0 = Debug|Any CPU
		{39EFCF09-65F0-4F26-A441-FE3CC31C11BB}.Release|Any CPU.ActiveCfg = Release|Any CPU
		{39EFCF09-65F0-4F26-A441-FE3CC31C11BB}.Release|Any CPU.Build.0 = Release|Any CPU
		{6E37E4F0-290C-48EB-A193-75A83A1899DF}.Debug|Any CPU.ActiveCfg = Debug|Any CPU
		{6E37E4F0-290C-48EB-A193-75A83A1899DF}.Debug|Any CPU.Build.0 = Debug|Any CPU
		{6E37E4F0-290C-48EB-A193-75A83A1899DF}.Release|Any CPU.ActiveCfg = Release|Any CPU
		{6E37E4F0-290C-48EB-A193-75A83A1899DF}.Release|Any CPU.Build.0 = Release|Any CPU
		{52610F19-43BA-41DA-AEDB-8F50DCBB67CF}.Debug|Any CPU.ActiveCfg = Debug|Any CPU
		{52610F19-43BA-41DA-AEDB-8F50DCBB67CF}.Debug|Any CPU.Build.0 = Debug|Any CPU
		{52610F19-43BA-41DA-AEDB-8F50DCBB67CF}.Release|Any CPU.ActiveCfg = Release|Any CPU
		{52610F19-43BA-41DA-AEDB-8F50DCBB67CF}.Release|Any CPU.Build.0 = Release|Any CPU
		{15CED28D-3702-4176-BDA0-484A22CB2F69}.Debug|Any CPU.ActiveCfg = Debug|Any CPU
		{15CED28D-3702-4176-BDA0-484A22CB2F69}.Debug|Any CPU.Build.0 = Debug|Any CPU
		{15CED28D-3702-4176-BDA0-484A22CB2F69}.Release|Any CPU.ActiveCfg = Release|Any CPU
		{15CED28D-3702-4176-BDA0-484A22CB2F69}.Release|Any CPU.Build.0 = Release|Any CPU
		{8F4CB65A-1278-4D21-AD5E-DE6C478ED907}.Debug|Any CPU.ActiveCfg = Debug|Any CPU
		{8F4CB65A-1278-4D21-AD5E-DE6C478ED907}.Debug|Any CPU.Build.0 = Debug|Any CPU
		{8F4CB65A-1278-4D21-AD5E-DE6C478ED907}.Release|Any CPU.ActiveCfg = Release|Any CPU
		{8F4CB65A-1278-4D21-AD5E-DE6C478ED907}.Release|Any CPU.Build.0 = Release|Any CPU
		{FF0A0BFF-8171-4E62-9F3D-2CCFB57C2C01}.Debug|Any CPU.ActiveCfg = Debug|Any CPU
		{FF0A0BFF-8171-4E62-9F3D-2CCFB57C2C01}.Debug|Any CPU.Build.0 = Debug|Any CPU
		{FF0A0BFF-8171-4E62-9F3D-2CCFB57C2C01}.Release|Any CPU.ActiveCfg = Release|Any CPU
		{FF0A0BFF-8171-4E62-9F3D-2CCFB57C2C01}.Release|Any CPU.Build.0 = Release|Any CPU
		{8D70B004-9245-47D2-A7D2-FF77C19E05DB}.Debug|Any CPU.ActiveCfg = Debug|Any CPU
		{8D70B004-9245-47D2-A7D2-FF77C19E05DB}.Debug|Any CPU.Build.0 = Debug|Any CPU
		{8D70B004-9245-47D2-A7D2-FF77C19E05DB}.Release|Any CPU.ActiveCfg = Release|Any CPU
		{8D70B004-9245-47D2-A7D2-FF77C19E05DB}.Release|Any CPU.Build.0 = Release|Any CPU
		{9D89B9B2-935E-45F7-A52A-A4D7F9D233F8}.Debug|Any CPU.ActiveCfg = Debug|Any CPU
		{9D89B9B2-935E-45F7-A52A-A4D7F9D233F8}.Debug|Any CPU.Build.0 = Debug|Any CPU
		{9D89B9B2-935E-45F7-A52A-A4D7F9D233F8}.Release|Any CPU.ActiveCfg = Release|Any CPU
		{9D89B9B2-935E-45F7-A52A-A4D7F9D233F8}.Release|Any CPU.Build.0 = Release|Any CPU
		{EC52CCE2-3E12-4708-A1D4-CAC91C3CCE89}.Debug|Any CPU.ActiveCfg = Debug|Any CPU
		{EC52CCE2-3E12-4708-A1D4-CAC91C3CCE89}.Debug|Any CPU.Build.0 = Debug|Any CPU
		{EC52CCE2-3E12-4708-A1D4-CAC91C3CCE89}.Release|Any CPU.ActiveCfg = Release|Any CPU
		{EC52CCE2-3E12-4708-A1D4-CAC91C3CCE89}.Release|Any CPU.Build.0 = Release|Any CPU
		{ED51E880-5A75-4F08-B19F-1E6DF37F1A64}.Debug|Any CPU.ActiveCfg = Debug|Any CPU
		{ED51E880-5A75-4F08-B19F-1E6DF37F1A64}.Debug|Any CPU.Build.0 = Debug|Any CPU
		{ED51E880-5A75-4F08-B19F-1E6DF37F1A64}.Release|Any CPU.ActiveCfg = Release|Any CPU
		{ED51E880-5A75-4F08-B19F-1E6DF37F1A64}.Release|Any CPU.Build.0 = Release|Any CPU
		{7BD4EDA8-587C-415E-A472-8A95EE7FB4C9}.Debug|Any CPU.ActiveCfg = Debug|Any CPU
		{7BD4EDA8-587C-415E-A472-8A95EE7FB4C9}.Debug|Any CPU.Build.0 = Debug|Any CPU
		{7BD4EDA8-587C-415E-A472-8A95EE7FB4C9}.Release|Any CPU.ActiveCfg = Release|Any CPU
		{7BD4EDA8-587C-415E-A472-8A95EE7FB4C9}.Release|Any CPU.Build.0 = Release|Any CPU
		{B3F74AA2-B752-49B4-99C2-64A149354D22}.Debug|Any CPU.ActiveCfg = Debug|Any CPU
		{B3F74AA2-B752-49B4-99C2-64A149354D22}.Debug|Any CPU.Build.0 = Debug|Any CPU
		{B3F74AA2-B752-49B4-99C2-64A149354D22}.Release|Any CPU.ActiveCfg = Release|Any CPU
		{B3F74AA2-B752-49B4-99C2-64A149354D22}.Release|Any CPU.Build.0 = Release|Any CPU
		{87E2FC33-E600-4C23-A565-C62F6E7EDB76}.Debug|Any CPU.ActiveCfg = Debug|Any CPU
		{87E2FC33-E600-4C23-A565-C62F6E7EDB76}.Debug|Any CPU.Build.0 = Debug|Any CPU
		{87E2FC33-E600-4C23-A565-C62F6E7EDB76}.Release|Any CPU.ActiveCfg = Release|Any CPU
		{87E2FC33-E600-4C23-A565-C62F6E7EDB76}.Release|Any CPU.Build.0 = Release|Any CPU
		{422CE611-A49E-436E-B7D8-BA5614C0B5F7}.Debug|Any CPU.ActiveCfg = Debug|Any CPU
		{422CE611-A49E-436E-B7D8-BA5614C0B5F7}.Debug|Any CPU.Build.0 = Debug|Any CPU
		{422CE611-A49E-436E-B7D8-BA5614C0B5F7}.Release|Any CPU.ActiveCfg = Release|Any CPU
		{422CE611-A49E-436E-B7D8-BA5614C0B5F7}.Release|Any CPU.Build.0 = Release|Any CPU
		{0B08FCC3-0801-4451-BFBA-70A01A15990E}.Debug|Any CPU.ActiveCfg = Debug|Any CPU
		{0B08FCC3-0801-4451-BFBA-70A01A15990E}.Debug|Any CPU.Build.0 = Debug|Any CPU
		{0B08FCC3-0801-4451-BFBA-70A01A15990E}.Release|Any CPU.ActiveCfg = Release|Any CPU
		{0B08FCC3-0801-4451-BFBA-70A01A15990E}.Release|Any CPU.Build.0 = Release|Any CPU
		{A36B8FD1-394C-43E5-A15E-EB63BD45FD15}.Debug|Any CPU.ActiveCfg = Debug|Any CPU
		{A36B8FD1-394C-43E5-A15E-EB63BD45FD15}.Debug|Any CPU.Build.0 = Debug|Any CPU
		{A36B8FD1-394C-43E5-A15E-EB63BD45FD15}.Release|Any CPU.ActiveCfg = Release|Any CPU
		{A36B8FD1-394C-43E5-A15E-EB63BD45FD15}.Release|Any CPU.Build.0 = Release|Any CPU
		{157B08CC-FC21-40B1-AFBE-478210B226A0}.Debug|Any CPU.ActiveCfg = Debug|Any CPU
		{157B08CC-FC21-40B1-AFBE-478210B226A0}.Debug|Any CPU.Build.0 = Debug|Any CPU
		{157B08CC-FC21-40B1-AFBE-478210B226A0}.Release|Any CPU.ActiveCfg = Release|Any CPU
		{157B08CC-FC21-40B1-AFBE-478210B226A0}.Release|Any CPU.Build.0 = Release|Any CPU
		{CA7E6957-2479-440C-BCAB-0DF924976F37}.Debug|Any CPU.ActiveCfg = Debug|Any CPU
		{CA7E6957-2479-440C-BCAB-0DF924976F37}.Debug|Any CPU.Build.0 = Debug|Any CPU
		{CA7E6957-2479-440C-BCAB-0DF924976F37}.Release|Any CPU.ActiveCfg = Release|Any CPU
		{CA7E6957-2479-440C-BCAB-0DF924976F37}.Release|Any CPU.Build.0 = Release|Any CPU
		{F3F6FADF-2FF8-4223-8A57-0889E19F5A9A}.Debug|Any CPU.ActiveCfg = Debug|Any CPU
		{F3F6FADF-2FF8-4223-8A57-0889E19F5A9A}.Debug|Any CPU.Build.0 = Debug|Any CPU
		{F3F6FADF-2FF8-4223-8A57-0889E19F5A9A}.Release|Any CPU.ActiveCfg = Release|Any CPU
		{F3F6FADF-2FF8-4223-8A57-0889E19F5A9A}.Release|Any CPU.Build.0 = Release|Any CPU
		{DBF6A634-4219-44AF-AD1A-C108629576ED}.Debug|Any CPU.ActiveCfg = Debug|Any CPU
		{DBF6A634-4219-44AF-AD1A-C108629576ED}.Debug|Any CPU.Build.0 = Debug|Any CPU
		{DBF6A634-4219-44AF-AD1A-C108629576ED}.Release|Any CPU.ActiveCfg = Release|Any CPU
		{DBF6A634-4219-44AF-AD1A-C108629576ED}.Release|Any CPU.Build.0 = Release|Any CPU
		{9A00647C-E082-48BF-AB56-3CE780C6615A}.Debug|Any CPU.ActiveCfg = Debug|Any CPU
		{9A00647C-E082-48BF-AB56-3CE780C6615A}.Debug|Any CPU.Build.0 = Debug|Any CPU
		{9A00647C-E082-48BF-AB56-3CE780C6615A}.Release|Any CPU.ActiveCfg = Release|Any CPU
		{9A00647C-E082-48BF-AB56-3CE780C6615A}.Release|Any CPU.Build.0 = Release|Any CPU
		{73490909-1B58-439D-AFBC-3A4A18C26127}.Debug|Any CPU.ActiveCfg = Debug|Any CPU
		{73490909-1B58-439D-AFBC-3A4A18C26127}.Debug|Any CPU.Build.0 = Debug|Any CPU
		{73490909-1B58-439D-AFBC-3A4A18C26127}.Release|Any CPU.ActiveCfg = Release|Any CPU
		{73490909-1B58-439D-AFBC-3A4A18C26127}.Release|Any CPU.Build.0 = Release|Any CPU
		{6D08EEA9-DD4C-409D-8C37-089AC4DBBF82}.Debug|Any CPU.ActiveCfg = Debug|Any CPU
		{6D08EEA9-DD4C-409D-8C37-089AC4DBBF82}.Debug|Any CPU.Build.0 = Debug|Any CPU
		{6D08EEA9-DD4C-409D-8C37-089AC4DBBF82}.Release|Any CPU.ActiveCfg = Release|Any CPU
		{6D08EEA9-DD4C-409D-8C37-089AC4DBBF82}.Release|Any CPU.Build.0 = Release|Any CPU
		{19F01EE4-9F0F-42A5-838B-9F59D7029A80}.Debug|Any CPU.ActiveCfg = Debug|Any CPU
		{19F01EE4-9F0F-42A5-838B-9F59D7029A80}.Debug|Any CPU.Build.0 = Debug|Any CPU
		{19F01EE4-9F0F-42A5-838B-9F59D7029A80}.Release|Any CPU.ActiveCfg = Release|Any CPU
		{19F01EE4-9F0F-42A5-838B-9F59D7029A80}.Release|Any CPU.Build.0 = Release|Any CPU
		{4112A6FC-B847-408A-8685-FFFEDE17EE5F}.Debug|Any CPU.ActiveCfg = Debug|Any CPU
		{4112A6FC-B847-408A-8685-FFFEDE17EE5F}.Debug|Any CPU.Build.0 = Debug|Any CPU
		{4112A6FC-B847-408A-8685-FFFEDE17EE5F}.Release|Any CPU.ActiveCfg = Release|Any CPU
		{4112A6FC-B847-408A-8685-FFFEDE17EE5F}.Release|Any CPU.Build.0 = Release|Any CPU
		{2D8785A5-BFA6-4AA5-AA9D-92E579D161E4}.Debug|Any CPU.ActiveCfg = Debug|Any CPU
		{2D8785A5-BFA6-4AA5-AA9D-92E579D161E4}.Debug|Any CPU.Build.0 = Debug|Any CPU
		{2D8785A5-BFA6-4AA5-AA9D-92E579D161E4}.Release|Any CPU.ActiveCfg = Release|Any CPU
		{2D8785A5-BFA6-4AA5-AA9D-92E579D161E4}.Release|Any CPU.Build.0 = Release|Any CPU
		{55E20225-1E9F-4621-8F13-FCF3A4E53E80}.Debug|Any CPU.ActiveCfg = Debug|Any CPU
		{55E20225-1E9F-4621-8F13-FCF3A4E53E80}.Debug|Any CPU.Build.0 = Debug|Any CPU
		{55E20225-1E9F-4621-8F13-FCF3A4E53E80}.Release|Any CPU.ActiveCfg = Release|Any CPU
		{55E20225-1E9F-4621-8F13-FCF3A4E53E80}.Release|Any CPU.Build.0 = Release|Any CPU
		{AEFC3A5E-7B4F-42BA-AF41-EB9D3FB1E80E}.Debug|Any CPU.ActiveCfg = Debug|Any CPU
		{AEFC3A5E-7B4F-42BA-AF41-EB9D3FB1E80E}.Debug|Any CPU.Build.0 = Debug|Any CPU
		{AEFC3A5E-7B4F-42BA-AF41-EB9D3FB1E80E}.Release|Any CPU.ActiveCfg = Release|Any CPU
		{AEFC3A5E-7B4F-42BA-AF41-EB9D3FB1E80E}.Release|Any CPU.Build.0 = Release|Any CPU
		{0047183D-3996-4C99-81E1-63DADF745446}.Debug|Any CPU.ActiveCfg = Debug|Any CPU
		{0047183D-3996-4C99-81E1-63DADF745446}.Debug|Any CPU.Build.0 = Debug|Any CPU
		{0047183D-3996-4C99-81E1-63DADF745446}.Release|Any CPU.ActiveCfg = Release|Any CPU
		{0047183D-3996-4C99-81E1-63DADF745446}.Release|Any CPU.Build.0 = Release|Any CPU
		{45461DC3-093B-47B8-A162-D1532D345E19}.Debug|Any CPU.ActiveCfg = Debug|Any CPU
		{45461DC3-093B-47B8-A162-D1532D345E19}.Debug|Any CPU.Build.0 = Debug|Any CPU
		{45461DC3-093B-47B8-A162-D1532D345E19}.Release|Any CPU.ActiveCfg = Release|Any CPU
		{45461DC3-093B-47B8-A162-D1532D345E19}.Release|Any CPU.Build.0 = Release|Any CPU
		{DEE14E2D-9FB6-4E26-BA1C-058A77C837F9}.Debug|Any CPU.ActiveCfg = Debug|Any CPU
		{DEE14E2D-9FB6-4E26-BA1C-058A77C837F9}.Debug|Any CPU.Build.0 = Debug|Any CPU
		{DEE14E2D-9FB6-4E26-BA1C-058A77C837F9}.Release|Any CPU.ActiveCfg = Release|Any CPU
		{DEE14E2D-9FB6-4E26-BA1C-058A77C837F9}.Release|Any CPU.Build.0 = Release|Any CPU
		{26EFDA7A-4047-41FD-BC04-44B27EECD169}.Debug|Any CPU.ActiveCfg = Debug|Any CPU
		{26EFDA7A-4047-41FD-BC04-44B27EECD169}.Debug|Any CPU.Build.0 = Debug|Any CPU
		{26EFDA7A-4047-41FD-BC04-44B27EECD169}.Release|Any CPU.ActiveCfg = Release|Any CPU
		{26EFDA7A-4047-41FD-BC04-44B27EECD169}.Release|Any CPU.Build.0 = Release|Any CPU
		{5C9218CE-6082-4DA5-9FD7-79698A56620F}.Debug|Any CPU.ActiveCfg = Debug|Any CPU
		{5C9218CE-6082-4DA5-9FD7-79698A56620F}.Debug|Any CPU.Build.0 = Debug|Any CPU
		{5C9218CE-6082-4DA5-9FD7-79698A56620F}.Release|Any CPU.ActiveCfg = Release|Any CPU
		{5C9218CE-6082-4DA5-9FD7-79698A56620F}.Release|Any CPU.Build.0 = Release|Any CPU
		{63DBA44B-95E3-4343-8328-5C8A5AD9D8F5}.Debug|Any CPU.ActiveCfg = Debug|Any CPU
		{63DBA44B-95E3-4343-8328-5C8A5AD9D8F5}.Debug|Any CPU.Build.0 = Debug|Any CPU
		{63DBA44B-95E3-4343-8328-5C8A5AD9D8F5}.Release|Any CPU.ActiveCfg = Release|Any CPU
		{63DBA44B-95E3-4343-8328-5C8A5AD9D8F5}.Release|Any CPU.Build.0 = Release|Any CPU
		{8824CBF2-C6A3-412E-8325-EAB9A7DB5F6B}.Debug|Any CPU.ActiveCfg = Debug|Any CPU
		{8824CBF2-C6A3-412E-8325-EAB9A7DB5F6B}.Debug|Any CPU.Build.0 = Debug|Any CPU
		{8824CBF2-C6A3-412E-8325-EAB9A7DB5F6B}.Release|Any CPU.ActiveCfg = Release|Any CPU
		{8824CBF2-C6A3-412E-8325-EAB9A7DB5F6B}.Release|Any CPU.Build.0 = Release|Any CPU
	EndGlobalSection
	GlobalSection(NestedProjects) = preSolution
		{8750F5BF-5F15-4E63-AD89-B30C17A5FCD5} = {45314E89-60B7-41DA-9FBA-8490731ED1D9}
		{EFA2066F-E7D2-48AF-9860-1A8F140920AD} = {8750F5BF-5F15-4E63-AD89-B30C17A5FCD5}
		{6BD4674C-5E36-48B9-A310-F03EE72B40B0} = {EFA2066F-E7D2-48AF-9860-1A8F140920AD}
		{FDA9391B-D78B-4881-9F94-33DD11F41FBF} = {EFA2066F-E7D2-48AF-9860-1A8F140920AD}
		{04D1152B-308D-41AC-B819-ED8756BF8423} = {8750F5BF-5F15-4E63-AD89-B30C17A5FCD5}
		{9A55592E-A635-4941-8B5A-6F9CB8B8F733} = {04D1152B-308D-41AC-B819-ED8756BF8423}
		{C5A6198E-8948-4EC6-9740-DE565E6DB562} = {04D1152B-308D-41AC-B819-ED8756BF8423}
		{ACA46383-3FCB-4933-9805-8AFF9D57B435} = {45314E89-60B7-41DA-9FBA-8490731ED1D9}
		{46C42402-5263-49D6-B97E-922CB334A976} = {ACA46383-3FCB-4933-9805-8AFF9D57B435}
		{B87B9015-3B4F-49A6-B1B1-F6B831686EFB} = {04D1152B-308D-41AC-B819-ED8756BF8423}
		{4BD46128-666F-447D-AE0C-8E84439F6D25} = {04D1152B-308D-41AC-B819-ED8756BF8423}
		{39EFCF09-65F0-4F26-A441-FE3CC31C11BB} = {04D1152B-308D-41AC-B819-ED8756BF8423}
		{6E37E4F0-290C-48EB-A193-75A83A1899DF} = {04D1152B-308D-41AC-B819-ED8756BF8423}
		{52610F19-43BA-41DA-AEDB-8F50DCBB67CF} = {04D1152B-308D-41AC-B819-ED8756BF8423}
		{15CED28D-3702-4176-BDA0-484A22CB2F69} = {04D1152B-308D-41AC-B819-ED8756BF8423}
		{8F4CB65A-1278-4D21-AD5E-DE6C478ED907} = {04D1152B-308D-41AC-B819-ED8756BF8423}
		{AB99BD3C-C1E5-42F5-BFF5-48AD71C46BAC} = {8750F5BF-5F15-4E63-AD89-B30C17A5FCD5}
		{FF0A0BFF-8171-4E62-9F3D-2CCFB57C2C01} = {AB99BD3C-C1E5-42F5-BFF5-48AD71C46BAC}
		{8D70B004-9245-47D2-A7D2-FF77C19E05DB} = {AB99BD3C-C1E5-42F5-BFF5-48AD71C46BAC}
		{9D89B9B2-935E-45F7-A52A-A4D7F9D233F8} = {AB99BD3C-C1E5-42F5-BFF5-48AD71C46BAC}
		{66C38285-A60B-4534-9C23-453AA7E2FC1D} = {8750F5BF-5F15-4E63-AD89-B30C17A5FCD5}
		{EC52CCE2-3E12-4708-A1D4-CAC91C3CCE89} = {66C38285-A60B-4534-9C23-453AA7E2FC1D}
		{ED51E880-5A75-4F08-B19F-1E6DF37F1A64} = {66C38285-A60B-4534-9C23-453AA7E2FC1D}
		{7BD4EDA8-587C-415E-A472-8A95EE7FB4C9} = {66C38285-A60B-4534-9C23-453AA7E2FC1D}
		{B3F74AA2-B752-49B4-99C2-64A149354D22} = {66C38285-A60B-4534-9C23-453AA7E2FC1D}
		{87E2FC33-E600-4C23-A565-C62F6E7EDB76} = {66C38285-A60B-4534-9C23-453AA7E2FC1D}
		{422CE611-A49E-436E-B7D8-BA5614C0B5F7} = {66C38285-A60B-4534-9C23-453AA7E2FC1D}
		{0B08FCC3-0801-4451-BFBA-70A01A15990E} = {66C38285-A60B-4534-9C23-453AA7E2FC1D}
		{D74947C2-306C-490C-8DC7-F76EC21E44E0} = {45314E89-60B7-41DA-9FBA-8490731ED1D9}
		{BBBA7B59-2641-4020-93CB-825BA6A22A71} = {D74947C2-306C-490C-8DC7-F76EC21E44E0}
		{A36B8FD1-394C-43E5-A15E-EB63BD45FD15} = {04D1152B-308D-41AC-B819-ED8756BF8423}
		{157B08CC-FC21-40B1-AFBE-478210B226A0} = {04D1152B-308D-41AC-B819-ED8756BF8423}
		{9590F2DE-D9BA-4296-BEC8-0FF32625BD44} = {C8715E29-D8F1-4E6A-9944-F7FF3C5E6953}
		{8BE14B3A-6FEF-43C4-9A08-66CB942BB327} = {9590F2DE-D9BA-4296-BEC8-0FF32625BD44}
		{CA7E6957-2479-440C-BCAB-0DF924976F37} = {8BE14B3A-6FEF-43C4-9A08-66CB942BB327}
		{42C565FC-A99A-4CA3-8AA3-E26DC6CD6229} = {C8715E29-D8F1-4E6A-9944-F7FF3C5E6953}
		{D6B6943C-3662-437E-A4FD-86C255295374} = {42C565FC-A99A-4CA3-8AA3-E26DC6CD6229}
		{F3F6FADF-2FF8-4223-8A57-0889E19F5A9A} = {D6B6943C-3662-437E-A4FD-86C255295374}
		{009200DF-3F74-499B-B3ED-2DD2FD1BCE47} = {42C565FC-A99A-4CA3-8AA3-E26DC6CD6229}
		{DBF6A634-4219-44AF-AD1A-C108629576ED} = {009200DF-3F74-499B-B3ED-2DD2FD1BCE47}
		{2A654AD1-9D55-465C-9A70-B22E4818A363} = {42C565FC-A99A-4CA3-8AA3-E26DC6CD6229}
		{E432C6F0-BBB2-4A6D-AE78-7645D6EFE368} = {42C565FC-A99A-4CA3-8AA3-E26DC6CD6229}
		{9A00647C-E082-48BF-AB56-3CE780C6615A} = {E432C6F0-BBB2-4A6D-AE78-7645D6EFE368}
		{4F19AF2F-857D-440E-8E9D-D05C4DCC2938} = {42C565FC-A99A-4CA3-8AA3-E26DC6CD6229}
		{73490909-1B58-439D-AFBC-3A4A18C26127} = {4F19AF2F-857D-440E-8E9D-D05C4DCC2938}
		{6FE3CD74-C8AA-4CAE-B607-23A0BF771AF1} = {42C565FC-A99A-4CA3-8AA3-E26DC6CD6229}
		{6D08EEA9-DD4C-409D-8C37-089AC4DBBF82} = {6FE3CD74-C8AA-4CAE-B607-23A0BF771AF1}
		{478A42BB-CC82-40E2-AF41-2496F3997161} = {42C565FC-A99A-4CA3-8AA3-E26DC6CD6229}
		{19F01EE4-9F0F-42A5-838B-9F59D7029A80} = {478A42BB-CC82-40E2-AF41-2496F3997161}
		{4C0A7257-7BE6-4434-B132-13CD5F469F2C} = {C8715E29-D8F1-4E6A-9944-F7FF3C5E6953}
		{4112A6FC-B847-408A-8685-FFFEDE17EE5F} = {4C0A7257-7BE6-4434-B132-13CD5F469F2C}
		{2D8785A5-BFA6-4AA5-AA9D-92E579D161E4} = {AB99BD3C-C1E5-42F5-BFF5-48AD71C46BAC}
		{D43DAF09-800D-410B-AEB6-7F312EE496E9} = {D74947C2-306C-490C-8DC7-F76EC21E44E0}
		{55E20225-1E9F-4621-8F13-FCF3A4E53E80} = {D43DAF09-800D-410B-AEB6-7F312EE496E9}
		{03858ECE-0D9C-4191-BD8C-155510DF376E} = {D74947C2-306C-490C-8DC7-F76EC21E44E0}
		{AEFC3A5E-7B4F-42BA-AF41-EB9D3FB1E80E} = {03858ECE-0D9C-4191-BD8C-155510DF376E}
		{64696223-01C8-4465-ACA8-3172E8BBA1AA} = {D74947C2-306C-490C-8DC7-F76EC21E44E0}
		{0047183D-3996-4C99-81E1-63DADF745446} = {64696223-01C8-4465-ACA8-3172E8BBA1AA}
		{45461DC3-093B-47B8-A162-D1532D345E19} = {BBBA7B59-2641-4020-93CB-825BA6A22A71}
		{7738945C-2D22-4B66-926C-D146CF75B3DC} = {D74947C2-306C-490C-8DC7-F76EC21E44E0}
		{DEE14E2D-9FB6-4E26-BA1C-058A77C837F9} = {7738945C-2D22-4B66-926C-D146CF75B3DC}
		{EA089BAE-3844-4EC6-ADA8-BB0C07B12097} = {D74947C2-306C-490C-8DC7-F76EC21E44E0}
		{26EFDA7A-4047-41FD-BC04-44B27EECD169} = {EA089BAE-3844-4EC6-ADA8-BB0C07B12097}
		{C0C6DAA8-9A84-4BD6-8D15-E457FB7ACE84} = {D74947C2-306C-490C-8DC7-F76EC21E44E0}
		{5C9218CE-6082-4DA5-9FD7-79698A56620F} = {C0C6DAA8-9A84-4BD6-8D15-E457FB7ACE84}
		{ADC29FBB-412D-44ED-9D5A-EEBADBC2E566} = {D74947C2-306C-490C-8DC7-F76EC21E44E0}
		{63DBA44B-95E3-4343-8328-5C8A5AD9D8F5} = {ADC29FBB-412D-44ED-9D5A-EEBADBC2E566}
		{8824CBF2-C6A3-412E-8325-EAB9A7DB5F6B} = {2A654AD1-9D55-465C-9A70-B22E4818A363}
	EndGlobalSection
EndGlobal
